// !$*UTF8*$!
{
	archiveVersion = 1;
	classes = {
	};
	objectVersion = 46;
	objects = {

/* Begin PBXBuildFile section */
		56AA77AAB9E69D0CD2B976E6 /* Pods_WhatsMyLocation.framework in Frameworks */ = {isa = PBXBuildFile; fileRef = C5B8354A97BD02933C9BF3D1 /* Pods_WhatsMyLocation.framework */; };
		E4CFF8681ECC2B8B00C0BDBB /* AppDelegate.swift in Sources */ = {isa = PBXBuildFile; fileRef = E4CFF8671ECC2B8B00C0BDBB /* AppDelegate.swift */; };
		E4CFF86A1ECC2B8B00C0BDBB /* ViewController.swift in Sources */ = {isa = PBXBuildFile; fileRef = E4CFF8691ECC2B8B00C0BDBB /* ViewController.swift */; };
		E4CFF86D1ECC2B8B00C0BDBB /* Main.storyboard in Resources */ = {isa = PBXBuildFile; fileRef = E4CFF86B1ECC2B8B00C0BDBB /* Main.storyboard */; };
		E4CFF86F1ECC2B8B00C0BDBB /* Assets.xcassets in Resources */ = {isa = PBXBuildFile; fileRef = E4CFF86E1ECC2B8B00C0BDBB /* Assets.xcassets */; };
		E4CFF8721ECC2B8B00C0BDBB /* LaunchScreen.storyboard in Resources */ = {isa = PBXBuildFile; fileRef = E4CFF8701ECC2B8B00C0BDBB /* LaunchScreen.storyboard */; };
/* End PBXBuildFile section */

/* Begin PBXFileReference section */
		755333AF1F5142CECC76236E /* Pods-WhatsMyLocation.release.xcconfig */ = {isa = PBXFileReference; includeInIndex = 1; lastKnownFileType = text.xcconfig; name = "Pods-WhatsMyLocation.release.xcconfig"; path = "Pods/Target Support Files/Pods-WhatsMyLocation/Pods-WhatsMyLocation.release.xcconfig"; sourceTree = "<group>"; };
		838430004D9BC75E4089A570 /* Pods-WhatsMyLocation.debug.xcconfig */ = {isa = PBXFileReference; includeInIndex = 1; lastKnownFileType = text.xcconfig; name = "Pods-WhatsMyLocation.debug.xcconfig"; path = "Pods/Target Support Files/Pods-WhatsMyLocation/Pods-WhatsMyLocation.debug.xcconfig"; sourceTree = "<group>"; };
		C5B8354A97BD02933C9BF3D1 /* Pods_WhatsMyLocation.framework */ = {isa = PBXFileReference; explicitFileType = wrapper.framework; includeInIndex = 0; path = Pods_WhatsMyLocation.framework; sourceTree = BUILT_PRODUCTS_DIR; };
		E4CFF8641ECC2B8B00C0BDBB /* WhatsMyLocation.app */ = {isa = PBXFileReference; explicitFileType = wrapper.application; includeInIndex = 0; path = WhatsMyLocation.app; sourceTree = BUILT_PRODUCTS_DIR; };
		E4CFF8671ECC2B8B00C0BDBB /* AppDelegate.swift */ = {isa = PBXFileReference; lastKnownFileType = sourcecode.swift; path = AppDelegate.swift; sourceTree = "<group>"; };
		E4CFF8691ECC2B8B00C0BDBB /* ViewController.swift */ = {isa = PBXFileReference; lastKnownFileType = sourcecode.swift; path = ViewController.swift; sourceTree = "<group>"; };
		E4CFF86C1ECC2B8B00C0BDBB /* Base */ = {isa = PBXFileReference; lastKnownFileType = file.storyboard; name = Base; path = Base.lproj/Main.storyboard; sourceTree = "<group>"; };
		E4CFF86E1ECC2B8B00C0BDBB /* Assets.xcassets */ = {isa = PBXFileReference; lastKnownFileType = folder.assetcatalog; path = Assets.xcassets; sourceTree = "<group>"; };
		E4CFF8711ECC2B8B00C0BDBB /* Base */ = {isa = PBXFileReference; lastKnownFileType = file.storyboard; name = Base; path = Base.lproj/LaunchScreen.storyboard; sourceTree = "<group>"; };
		E4CFF8731ECC2B8B00C0BDBB /* Info.plist */ = {isa = PBXFileReference; lastKnownFileType = text.plist.xml; path = Info.plist; sourceTree = "<group>"; };
/* End PBXFileReference section */

/* Begin PBXFrameworksBuildPhase section */
		E4CFF8611ECC2B8B00C0BDBB /* Frameworks */ = {
			isa = PBXFrameworksBuildPhase;
			buildActionMask = 2147483647;
			files = (
				56AA77AAB9E69D0CD2B976E6 /* Pods_WhatsMyLocation.framework in Frameworks */,
			);
			runOnlyForDeploymentPostprocessing = 0;
		};
/* End PBXFrameworksBuildPhase section */

/* Begin PBXGroup section */
		8C9F9E825C62CAA4E9FC9EF2 /* Pods */ = {
			isa = PBXGroup;
			children = (
				838430004D9BC75E4089A570 /* Pods-WhatsMyLocation.debug.xcconfig */,
				755333AF1F5142CECC76236E /* Pods-WhatsMyLocation.release.xcconfig */,
			);
			name = Pods;
			sourceTree = "<group>";
		};
		8E3B70FB1EB784AB36CA93EE /* Frameworks */ = {
			isa = PBXGroup;
			children = (
				C5B8354A97BD02933C9BF3D1 /* Pods_WhatsMyLocation.framework */,
			);
			name = Frameworks;
			sourceTree = "<group>";
		};
		E4CFF85B1ECC2B8B00C0BDBB = {
			isa = PBXGroup;
			children = (
				E4CFF8661ECC2B8B00C0BDBB /* WhatsMyLocation */,
				E4CFF8651ECC2B8B00C0BDBB /* Products */,
				8C9F9E825C62CAA4E9FC9EF2 /* Pods */,
				8E3B70FB1EB784AB36CA93EE /* Frameworks */,
			);
			sourceTree = "<group>";
		};
		E4CFF8651ECC2B8B00C0BDBB /* Products */ = {
			isa = PBXGroup;
			children = (
				E4CFF8641ECC2B8B00C0BDBB /* WhatsMyLocation.app */,
			);
			name = Products;
			sourceTree = "<group>";
		};
		E4CFF8661ECC2B8B00C0BDBB /* WhatsMyLocation */ = {
			isa = PBXGroup;
			children = (
				E4CFF8671ECC2B8B00C0BDBB /* AppDelegate.swift */,
				E4CFF8691ECC2B8B00C0BDBB /* ViewController.swift */,
				E4CFF86B1ECC2B8B00C0BDBB /* Main.storyboard */,
				E4CFF86E1ECC2B8B00C0BDBB /* Assets.xcassets */,
				E4CFF8701ECC2B8B00C0BDBB /* LaunchScreen.storyboard */,
				E4CFF8731ECC2B8B00C0BDBB /* Info.plist */,
			);
			path = WhatsMyLocation;
			sourceTree = "<group>";
		};
/* End PBXGroup section */

/* Begin PBXNativeTarget section */
		E4CFF8631ECC2B8B00C0BDBB /* WhatsMyLocation */ = {
			isa = PBXNativeTarget;
			buildConfigurationList = E4CFF8761ECC2B8B00C0BDBB /* Build configuration list for PBXNativeTarget "WhatsMyLocation" */;
			buildPhases = (
				59CBDACAC0F5A9E75F961915 /* [CP] Check Pods Manifest.lock */,
				E4CFF8601ECC2B8B00C0BDBB /* Sources */,
				E4CFF8611ECC2B8B00C0BDBB /* Frameworks */,
				E4CFF8621ECC2B8B00C0BDBB /* Resources */,
				7819FFDB175A62D0042880E9 /* [CP] Embed Pods Frameworks */,
				DBC39B2FDD83515E562AF262 /* [CP] Copy Pods Resources */,
			);
			buildRules = (
			);
			dependencies = (
			);
			name = WhatsMyLocation;
			productName = WhatsMyLocation;
			productReference = E4CFF8641ECC2B8B00C0BDBB /* WhatsMyLocation.app */;
			productType = "com.apple.product-type.application";
		};
/* End PBXNativeTarget section */

/* Begin PBXProject section */
		E4CFF85C1ECC2B8B00C0BDBB /* Project object */ = {
			isa = PBXProject;
			attributes = {
				LastSwiftUpdateCheck = 0820;
				LastUpgradeCheck = 0820;
				ORGANIZATIONNAME = vit;
				TargetAttributes = {
					E4CFF8631ECC2B8B00C0BDBB = {
						CreatedOnToolsVersion = 8.2.1;
						LastSwiftMigration = 0820;
						ProvisioningStyle = Automatic;
					};
				};
			};
			buildConfigurationList = E4CFF85F1ECC2B8B00C0BDBB /* Build configuration list for PBXProject "WhatsMyLocation" */;
			compatibilityVersion = "Xcode 3.2";
			developmentRegion = English;
			hasScannedForEncodings = 0;
			knownRegions = (
				en,
				Base,
			);
			mainGroup = E4CFF85B1ECC2B8B00C0BDBB;
			productRefGroup = E4CFF8651ECC2B8B00C0BDBB /* Products */;
			projectDirPath = "";
			projectRoot = "";
			targets = (
				E4CFF8631ECC2B8B00C0BDBB /* WhatsMyLocation */,
			);
		};
/* End PBXProject section */

/* Begin PBXResourcesBuildPhase section */
		E4CFF8621ECC2B8B00C0BDBB /* Resources */ = {
			isa = PBXResourcesBuildPhase;
			buildActionMask = 2147483647;
			files = (
				E4CFF8721ECC2B8B00C0BDBB /* LaunchScreen.storyboard in Resources */,
				E4CFF86F1ECC2B8B00C0BDBB /* Assets.xcassets in Resources */,
				E4CFF86D1ECC2B8B00C0BDBB /* Main.storyboard in Resources */,
			);
			runOnlyForDeploymentPostprocessing = 0;
		};
/* End PBXResourcesBuildPhase section */

/* Begin PBXShellScriptBuildPhase section */
		59CBDACAC0F5A9E75F961915 /* [CP] Check Pods Manifest.lock */ = {
			isa = PBXShellScriptBuildPhase;
			buildActionMask = 2147483647;
			files = (
			);
			inputPaths = (
			);
			name = "[CP] Check Pods Manifest.lock";
			outputPaths = (
			);
			runOnlyForDeploymentPostprocessing = 0;
			shellPath = /bin/sh;
			shellScript = "diff \"${PODS_PODFILE_DIR_PATH}/Podfile.lock\" \"${PODS_ROOT}/Manifest.lock\" > /dev/null\nif [ $? != 0 ] ; then\n    # print error to STDERR\n    echo \"error: The sandbox is not in sync with the Podfile.lock. Run 'pod install' or update your CocoaPods installation.\" >&2\n    exit 1\nfi\n";
			showEnvVarsInLog = 0;
		};
		7819FFDB175A62D0042880E9 /* [CP] Embed Pods Frameworks */ = {
			isa = PBXShellScriptBuildPhase;
			buildActionMask = 2147483647;
			files = (
			);
			inputPaths = (
			);
			name = "[CP] Embed Pods Frameworks";
			outputPaths = (
			);
			runOnlyForDeploymentPostprocessing = 0;
			shellPath = /bin/sh;
			shellScript = "\"${SRCROOT}/Pods/Target Support Files/Pods-WhatsMyLocation/Pods-WhatsMyLocation-frameworks.sh\"\n";
			showEnvVarsInLog = 0;
		};
		DBC39B2FDD83515E562AF262 /* [CP] Copy Pods Resources */ = {
			isa = PBXShellScriptBuildPhase;
			buildActionMask = 2147483647;
			files = (
			);
			inputPaths = (
			);
			name = "[CP] Copy Pods Resources";
			outputPaths = (
			);
			runOnlyForDeploymentPostprocessing = 0;
			shellPath = /bin/sh;
			shellScript = "\"${SRCROOT}/Pods/Target Support Files/Pods-WhatsMyLocation/Pods-WhatsMyLocation-resources.sh\"\n";
			showEnvVarsInLog = 0;
		};
/* End PBXShellScriptBuildPhase section */

/* Begin PBXSourcesBuildPhase section */
		E4CFF8601ECC2B8B00C0BDBB /* Sources */ = {
			isa = PBXSourcesBuildPhase;
			buildActionMask = 2147483647;
			files = (
				E4CFF86A1ECC2B8B00C0BDBB /* ViewController.swift in Sources */,
				E4CFF8681ECC2B8B00C0BDBB /* AppDelegate.swift in Sources */,
			);
			runOnlyForDeploymentPostprocessing = 0;
		};
/* End PBXSourcesBuildPhase section */

/* Begin PBXVariantGroup section */
		E4CFF86B1ECC2B8B00C0BDBB /* Main.storyboard */ = {
			isa = PBXVariantGroup;
			children = (
				E4CFF86C1ECC2B8B00C0BDBB /* Base */,
			);
			name = Main.storyboard;
			sourceTree = "<group>";
		};
		E4CFF8701ECC2B8B00C0BDBB /* LaunchScreen.storyboard */ = {
			isa = PBXVariantGroup;
			children = (
				E4CFF8711ECC2B8B00C0BDBB /* Base */,
			);
			name = LaunchScreen.storyboard;
			sourceTree = "<group>";
		};
/* End PBXVariantGroup section */

/* Begin XCBuildConfiguration section */
		E4CFF8741ECC2B8B00C0BDBB /* Debug */ = {
			isa = XCBuildConfiguration;
			buildSettings = {
				ALWAYS_SEARCH_USER_PATHS = NO;
				CLANG_ANALYZER_NONNULL = YES;
				CLANG_CXX_LANGUAGE_STANDARD = "gnu++0x";
				CLANG_CXX_LIBRARY = "libc++";
				CLANG_ENABLE_MODULES = YES;
				CLANG_ENABLE_OBJC_ARC = YES;
				CLANG_WARN_BOOL_CONVERSION = YES;
				CLANG_WARN_CONSTANT_CONVERSION = YES;
				CLANG_WARN_DIRECT_OBJC_ISA_USAGE = YES_ERROR;
				CLANG_WARN_DOCUMENTATION_COMMENTS = YES;
				CLANG_WARN_EMPTY_BODY = YES;
				CLANG_WARN_ENUM_CONVERSION = YES;
				CLANG_WARN_INFINITE_RECURSION = YES;
				CLANG_WARN_INT_CONVERSION = YES;
				CLANG_WARN_OBJC_ROOT_CLASS = YES_ERROR;
				CLANG_WARN_SUSPICIOUS_MOVE = YES;
				CLANG_WARN_UNREACHABLE_CODE = YES;
				CLANG_WARN__DUPLICATE_METHOD_MATCH = YES;
				"CODE_SIGN_IDENTITY[sdk=iphoneos*]" = "iPhone Developer";
				COPY_PHASE_STRIP = NO;
				DEBUG_INFORMATION_FORMAT = dwarf;
				ENABLE_STRICT_OBJC_MSGSEND = YES;
				ENABLE_TESTABILITY = YES;
				GCC_C_LANGUAGE_STANDARD = gnu99;
				GCC_DYNAMIC_NO_PIC = NO;
				GCC_NO_COMMON_BLOCKS = YES;
				GCC_OPTIMIZATION_LEVEL = 0;
				GCC_PREPROCESSOR_DEFINITIONS = (
					"DEBUG=1",
					"$(inherited)",
				);
				GCC_WARN_64_TO_32_BIT_CONVERSION = YES;
				GCC_WARN_ABOUT_RETURN_TYPE = YES_ERROR;
				GCC_WARN_UNDECLARED_SELECTOR = YES;
				GCC_WARN_UNINITIALIZED_AUTOS = YES_AGGRESSIVE;
				GCC_WARN_UNUSED_FUNCTION = YES;
				GCC_WARN_UNUSED_VARIABLE = YES;
				IPHONEOS_DEPLOYMENT_TARGET = 10.2;
				MTL_ENABLE_DEBUG_INFO = YES;
				ONLY_ACTIVE_ARCH = YES;
				SDKROOT = iphoneos;
				SWIFT_ACTIVE_COMPILATION_CONDITIONS = DEBUG;
				SWIFT_OPTIMIZATION_LEVEL = "-Onone";
			};
			name = Debug;
		};
		E4CFF8751ECC2B8B00C0BDBB /* Release */ = {
			isa = XCBuildConfiguration;
			buildSettings = {
				ALWAYS_SEARCH_USER_PATHS = NO;
				CLANG_ANALYZER_NONNULL = YES;
				CLANG_CXX_LANGUAGE_STANDARD = "gnu++0x";
				CLANG_CXX_LIBRARY = "libc++";
				CLANG_ENABLE_MODULES = YES;
				CLANG_ENABLE_OBJC_ARC = YES;
				CLANG_WARN_BOOL_CONVERSION = YES;
				CLANG_WARN_CONSTANT_CONVERSION = YES;
				CLANG_WARN_DIRECT_OBJC_ISA_USAGE = YES_ERROR;
				CLANG_WARN_DOCUMENTATION_COMMENTS = YES;
				CLANG_WARN_EMPTY_BODY = YES;
				CLANG_WARN_ENUM_CONVERSION = YES;
				CLANG_WARN_INFINITE_RECURSION = YES;
				CLANG_WARN_INT_CONVERSION = YES;
				CLANG_WARN_OBJC_ROOT_CLASS = YES_ERROR;
				CLANG_WARN_SUSPICIOUS_MOVE = YES;
				CLANG_WARN_UNREACHABLE_CODE = YES;
				CLANG_WARN__DUPLICATE_METHOD_MATCH = YES;
				"CODE_SIGN_IDENTITY[sdk=iphoneos*]" = "iPhone Developer";
				COPY_PHASE_STRIP = NO;
				DEBUG_INFORMATION_FORMAT = "dwarf-with-dsym";
				ENABLE_NS_ASSERTIONS = NO;
				ENABLE_STRICT_OBJC_MSGSEND = YES;
				GCC_C_LANGUAGE_STANDARD = gnu99;
				GCC_NO_COMMON_BLOCKS = YES;
				GCC_WARN_64_TO_32_BIT_CONVERSION = YES;
				GCC_WARN_ABOUT_RETURN_TYPE = YES_ERROR;
				GCC_WARN_UNDECLARED_SELECTOR = YES;
				GCC_WARN_UNINITIALIZED_AUTOS = YES_AGGRESSIVE;
				GCC_WARN_UNUSED_FUNCTION = YES;
				GCC_WARN_UNUSED_VARIABLE = YES;
				IPHONEOS_DEPLOYMENT_TARGET = 10.2;
				MTL_ENABLE_DEBUG_INFO = NO;
				SDKROOT = iphoneos;
				SWIFT_OPTIMIZATION_LEVEL = "-Owholemodule";
				VALIDATE_PRODUCT = YES;
			};
			name = Release;
		};
		E4CFF8771ECC2B8B00C0BDBB /* Debug */ = {
			isa = XCBuildConfiguration;
			baseConfigurationReference = 838430004D9BC75E4089A570 /* Pods-WhatsMyLocation.debug.xcconfig */;
			buildSettings = {
				ASSETCATALOG_COMPILER_APPICON_NAME = AppIcon;
				INFOPLIST_FILE = WhatsMyLocation/Info.plist;
				LD_RUNPATH_SEARCH_PATHS = "$(inherited) @executable_path/Frameworks";
				PRODUCT_BUNDLE_IDENTIFIER = com.vit.WhatsMyLocation;
				PRODUCT_NAME = "$(TARGET_NAME)";
				SWIFT_VERSION = 3.0;
			};
			name = Debug;
		};
		E4CFF8781ECC2B8B00C0BDBB /* Release */ = {
			isa = XCBuildConfiguration;
			baseConfigurationReference = 755333AF1F5142CECC76236E /* Pods-WhatsMyLocation.release.xcconfig */;
			buildSettings = {
				ASSETCATALOG_COMPILER_APPICON_NAME = AppIcon;
				INFOPLIST_FILE = WhatsMyLocation/Info.plist;
				LD_RUNPATH_SEARCH_PATHS = "$(inherited) @executable_path/Frameworks";
				PRODUCT_BUNDLE_IDENTIFIER = com.vit.WhatsMyLocation;
				PRODUCT_NAME = "$(TARGET_NAME)";
				SWIFT_VERSION = 3.0;
			};
			name = Release;
		};
/* End XCBuildConfiguration section */

/* Begin XCConfigurationList section */
		E4CFF85F1ECC2B8B00C0BDBB /* Build configuration list for PBXProject "WhatsMyLocation" */ = {
			isa = XCConfigurationList;
			buildConfigurations = (
				E4CFF8741ECC2B8B00C0BDBB /* Debug */,
				E4CFF8751ECC2B8B00C0BDBB /* Release */,
			);
			defaultConfigurationIsVisible = 0;
			defaultConfigurationName = Release;
		};
		E4CFF8761ECC2B8B00C0BDBB /* Build configuration list for PBXNativeTarget "WhatsMyLocation" */ = {
			isa = XCConfigurationList;
			buildConfigurations = (
				E4CFF8771ECC2B8B00C0BDBB /* Debug */,
				E4CFF8781ECC2B8B00C0BDBB /* Release */,
			);
			defaultConfigurationIsVisible = 0;
			defaultConfigurationName = Release;
		};
/* End XCConfigurationList section */
	};
	rootObject = E4CFF85C1ECC2B8B00C0BDBB /* Project object */;
}
